
Microsoft Visual Studio Solution File, Format Version 12.00
# Visual Studio Version 17
VisualStudioVersion = 17.9.34728.123
MinimumVisualStudioVersion = 10.0.40219.1
Project("{FAE04EC0-301F-11D3-BF4B-00C04F79EFBC}") = "Cleave.ActionFilter.Authorization", "Cleave.ActionFilter.Authorization\Cleave.ActionFilter.Authorization.csproj", "{65906DA5-B5B5-4C41-BF8C-C293F7D0261C}"
EndProject
Global
	GlobalSection(SolutionConfigurationPlatforms) = preSolution
		Debug|Any CPU = Debug|Any CPU
		Release|Any CPU = Release|Any CPU
	EndGlobalSection
	GlobalSection(ProjectConfigurationPlatforms) = postSolution
		{65906DA5-B5B5-4C41-BF8C-C293F7D0261C}.Debug|Any CPU.ActiveCfg = Debug|Any CPU
		{65906DA5-B5B5-4C41-BF8C-C293F7D0261C}.Debug|Any CPU.Build.0 = Debug|Any CPU
		{65906DA5-B5B5-4C41-BF8C-C293F7D0261C}.Release|Any CPU.ActiveCfg = Release|Any CPU
		{65906DA5-B5B5-4C41-BF8C-C293F7D0261C}.Release|Any CPU.Build.0 = Release|Any CPU
	EndGlobalSection
	GlobalSection(SolutionProperties) = preSolution
		HideSolutionNode = FALSE
	EndGlobalSection
	GlobalSection(ExtensibilityGlobals) = postSolution
		SolutionGuid = {76EAE583-3ACA-482B-96E7-C80987028D42}
	EndGlobalSection
EndGlobal
