
Microsoft Visual Studio Solution File, Format Version 12.00
# Visual Studio Version 17
VisualStudioVersion = 17.9.34728.123
MinimumVisualStudioVersion = 10.0.40219.1
Project("{9A19103F-16F7-4668-BE54-9A1E7A4F7556}") = "Cleave.Middleware.ExceptionHandler", "GlobalExceptionHandler\Cleave.Middleware.ExceptionHandler.csproj", "{6990F972-1A3D-49B8-B7B4-C476D39B976B}"
EndProject
Project("{FAE04EC0-301F-11D3-BF4B-00C04F79EFBC}") = "Cleave.Middleware.Authentication", "Cleave.Middleware.Authentication\Cleave.Middleware.Authentication.csproj", "{C1CEBACA-E3D6-4D9A-9C2D-F3C19C546506}"
EndProject
Global
	GlobalSection(SolutionConfigurationPlatforms) = preSolution
		Debug|Any CPU = Debug|Any CPU
		Release|Any CPU = Release|Any CPU
	EndGlobalSection
	GlobalSection(ProjectConfigurationPlatforms) = postSolution
		{6990F972-1A3D-49B8-B7B4-C476D39B976B}.Debug|Any CPU.ActiveCfg = Debug|Any CPU
		{6990F972-1A3D-49B8-B7B4-C476D39B976B}.Debug|Any CPU.Build.0 = Debug|Any CPU
		{6990F972-1A3D-49B8-B7B4-C476D39B976B}.Release|Any CPU.ActiveCfg = Release|Any CPU
		{6990F972-1A3D-49B8-B7B4-C476D39B976B}.Release|Any CPU.Build.0 = Release|Any CPU
		{C1CEBACA-E3D6-4D9A-9C2D-F3C19C546506}.Debug|Any CPU.ActiveCfg = Debug|Any CPU
		{C1CEBACA-E3D6-4D9A-9C2D-F3C19C546506}.Debug|Any CPU.Build.0 = Debug|Any CPU
		{C1CEBACA-E3D6-4D9A-9C2D-F3C19C546506}.Release|Any CPU.ActiveCfg = Release|Any CPU
		{C1CEBACA-E3D6-4D9A-9C2D-F3C19C546506}.Release|Any CPU.Build.0 = Release|Any CPU
	EndGlobalSection
	GlobalSection(SolutionProperties) = preSolution
		HideSolutionNode = FALSE
	EndGlobalSection
	GlobalSection(ExtensibilityGlobals) = postSolution
		SolutionGuid = {6A53B4A7-93F7-413F-94A3-3402393731E1}
	EndGlobalSection
EndGlobal
